
Microsoft Visual Studio Solution File, Format Version 11.00
# Visual Studio 2010
Project("{8BC9CEB8-8B4A-11D0-8D11-00A0C91BC942}") = "WLAN", "WLAN\WLAN.vcxproj", "{98E9E19B-84E4-4392-AE59-2142AA077AF9}"
EndProject
Global
	GlobalSection(SolutionConfigurationPlatforms) = preSolution
		Debug|Win32 = Debug|Win32
		Release|Win32 = Release|Win32
	EndGlobalSection
	GlobalSection(ProjectConfigurationPlatforms) = postSolution
		{98E9E19B-84E4-4392-AE59-2142AA077AF9}.Debug|Win32.ActiveCfg = Debug|Win32
		{98E9E19B-84E4-4392-AE59-2142AA077AF9}.Debug|Win32.Build.0 = Debug|Win32
		{98E9E19B-84E4-4392-AE59-2142AA077AF9}.Release|Win32.ActiveCfg = Release|Win32
		{98E9E19B-84E4-4392-AE59-2142AA077AF9}.Release|Win32.Build.0 = Release|Win32
	EndGlobalSection
	GlobalSection(SolutionProperties) = preSolution
		HideSolutionNode = FALSE
	EndGlobalSection
EndGlobal
